
Microsoft Visual Studio Solution File, Format Version 12.00
# Visual Studio Version 16
VisualStudioVersion = 16.0.29411.108
MinimumVisualStudioVersion = 10.0.40219.1
Project("{8BC9CEB8-8B4A-11D0-8D11-00A0C91BC942}") = "Template", "Template\Template.vcxproj", "{58949CE4-E57E-44BF-A062-EC212064FBDD}"
EndProject
Project("{8BC9CEB8-8B4A-11D0-8D11-00A0C91BC942}") = "Zadanie1", "Zadanie1\Zadanie1.vcxproj", "{C05B680F-14A6-485A-920E-141C50382A44}"
EndProject
Project("{8BC9CEB8-8B4A-11D0-8D11-00A0C91BC942}") = "Zadanie2", "Zadanie2\Zadanie2.vcxproj", "{8E71FF0E-8A43-423C-9111-9A96E4B9817D}"
EndProject
Project("{8BC9CEB8-8B4A-11D0-8D11-00A0C91BC942}") = "Zadanie3", "Zadanie3\Zadanie3.vcxproj", "{2AEA0E74-445F-4D39-9548-0C2B95D56219}"
EndProject
Global
	GlobalSection(SolutionConfigurationPlatforms) = preSolution
		Debug|x64 = Debug|x64
		Release|x64 = Release|x64
	EndGlobalSection
	GlobalSection(ProjectConfigurationPlatforms) = postSolution
		{58949CE4-E57E-44BF-A062-EC212064FBDD}.Debug|x64.ActiveCfg = Debug|x64
		{58949CE4-E57E-44BF-A062-EC212064FBDD}.Debug|x64.Build.0 = Debug|x64
		{58949CE4-E57E-44BF-A062-EC212064FBDD}.Release|x64.ActiveCfg = Release|x64
		{58949CE4-E57E-44BF-A062-EC212064FBDD}.Release|x64.Build.0 = Release|x64
		{C05B680F-14A6-485A-920E-141C50382A44}.Debug|x64.ActiveCfg = Debug|x64
		{C05B680F-14A6-485A-920E-141C50382A44}.Debug|x64.Build.0 = Debug|x64
		{C05B680F-14A6-485A-920E-141C50382A44}.Release|x64.ActiveCfg = Release|x64
		{C05B680F-14A6-485A-920E-141C50382A44}.Release|x64.Build.0 = Release|x64
		{8E71FF0E-8A43-423C-9111-9A96E4B9817D}.Debug|x64.ActiveCfg = Debug|x64
		{8E71FF0E-8A43-423C-9111-9A96E4B9817D}.Debug|x64.Build.0 = Debug|x64
		{8E71FF0E-8A43-423C-9111-9A96E4B9817D}.Release|x64.ActiveCfg = Release|x64
		{8E71FF0E-8A43-423C-9111-9A96E4B9817D}.Release|x64.Build.0 = Release|x64
		{2AEA0E74-445F-4D39-9548-0C2B95D56219}.Debug|x64.ActiveCfg = Debug|x64
		{2AEA0E74-445F-4D39-9548-0C2B95D56219}.Debug|x64.Build.0 = Debug|x64
		{2AEA0E74-445F-4D39-9548-0C2B95D56219}.Release|x64.ActiveCfg = Release|x64
		{2AEA0E74-445F-4D39-9548-0C2B95D56219}.Release|x64.Build.0 = Release|x64
	EndGlobalSection
	GlobalSection(SolutionProperties) = preSolution
		HideSolutionNode = FALSE
	EndGlobalSection
	GlobalSection(ExtensibilityGlobals) = postSolution
		SolutionGuid = {385F49B3-83AB-49AC-B4B9-2AAA29AA8AAD}
	EndGlobalSection
EndGlobal
